{
  "name": "02-测试版",
  "lockfileVersion": 3,
  "requires": true,
  "packages": {
    "": {
      "dependencies": {
        "frida-il2cpp-bridge": "^0.13.1"
      }
    },
    "node_modules/frida-il2cpp-bridge": {
      "version": "0.13.1",
      "resolved": "https://registry.npmjs.org/frida-il2cpp-bridge/-/frida-il2cpp-bridge-0.13.1.tgz",
      "integrity": "sha512-qXjdcdI+KM5wnjCwqZTe/Tas/2pClXpDhcVWjiaQFxzSun+1vaoHEWlnMe4F09Vdz/vGkkjFOPKfvDem2A8UOQ==",
      "license": "MIT",
      "bin": {
        "frida-il2cpp-bridge": "cli/main.py"
      }
    }
  }
}
